
Microsoft Visual Studio Solution File, Format Version 12.00
# Visual Studio Version 17
VisualStudioVersion = 17.9.34622.214
MinimumVisualStudioVersion = 10.0.40219.1
Project("{FAE04EC0-301F-11D3-BF4B-00C04F79EFBC}") = "TopLevelFunctions", "TopLevelFunctions\TopLevelFunctions.csproj", "{AF5FEF7A-13C1-4BFF-97C1-BF6F790DF24C}"
EndProject
Project("{FAE04EC0-301F-11D3-BF4B-00C04F79EFBC}") = "WritingFunctions", "WritingFunctions\WritingFunctions.csproj", "{6F57E9A9-489E-4F5A-A095-3D88E75F319C}"
EndProject
Global
	GlobalSection(SolutionConfigurationPlatforms) = preSolution
		Debug|Any CPU = Debug|Any CPU
		Release|Any CPU = Release|Any CPU
	EndGlobalSection
	GlobalSection(ProjectConfigurationPlatforms) = postSolution
		{AF5FEF7A-13C1-4BFF-97C1-BF6F790DF24C}.Debug|Any CPU.ActiveCfg = Debug|Any CPU
		{AF5FEF7A-13C1-4BFF-97C1-BF6F790DF24C}.Debug|Any CPU.Build.0 = Debug|Any CPU
		{AF5FEF7A-13C1-4BFF-97C1-BF6F790DF24C}.Release|Any CPU.ActiveCfg = Release|Any CPU
		{AF5FEF7A-13C1-4BFF-97C1-BF6F790DF24C}.Release|Any CPU.Build.0 = Release|Any CPU
		{6F57E9A9-489E-4F5A-A095-3D88E75F319C}.Debug|Any CPU.ActiveCfg = Debug|Any CPU
		{6F57E9A9-489E-4F5A-A095-3D88E75F319C}.Debug|Any CPU.Build.0 = Debug|Any CPU
		{6F57E9A9-489E-4F5A-A095-3D88E75F319C}.Release|Any CPU.ActiveCfg = Release|Any CPU
		{6F57E9A9-489E-4F5A-A095-3D88E75F319C}.Release|Any CPU.Build.0 = Release|Any CPU
	EndGlobalSection
	GlobalSection(SolutionProperties) = preSolution
		HideSolutionNode = FALSE
	EndGlobalSection
	GlobalSection(ExtensibilityGlobals) = postSolution
		SolutionGuid = {94A9C220-24DE-49C8-B565-28AFE30C8981}
	EndGlobalSection
EndGlobal
