
Microsoft Visual Studio Solution File, Format Version 12.00
# Visual Studio Version 17
VisualStudioVersion = 17.9.34622.214
MinimumVisualStudioVersion = 10.0.40219.1
Project("{9A19103F-16F7-4668-BE54-9A1E7A4F7556}") = "WorkingWithFileSystems", "WorkingWithFileSystems\WorkingWithFileSystems.csproj", "{82EF2828-96E5-4886-9ADD-83D0AE192BBA}"
EndProject
Project("{9A19103F-16F7-4668-BE54-9A1E7A4F7556}") = "WorkingWithStreams", "WorkingWithStreams\WorkingWithStreams.csproj", "{525E86B8-1AF3-4BC2-A910-BA3F56927CD3}"
EndProject
Project("{9A19103F-16F7-4668-BE54-9A1E7A4F7556}") = "WorkingWithRandomAccess", "WorkingWithRandomAccess\WorkingWithRandomAccess.csproj", "{4E736A4E-31F8-4A42-A063-37C6EB823AFA}"
EndProject
Project("{9A19103F-16F7-4668-BE54-9A1E7A4F7556}") = "WorkingWithEncodings", "WorkingWithEncodings\WorkingWithEncodings.csproj", "{449BE39B-EFCE-4053-8AF3-B7D3D5F334D9}"
EndProject
Project("{9A19103F-16F7-4668-BE54-9A1E7A4F7556}") = "WorkingWithSerialization", "WorkingWithSerialization\WorkingWithSerialization.csproj", "{F91704B6-F055-4DBB-B528-C564FC698B4B}"
EndProject
Project("{FAE04EC0-301F-11D3-BF4B-00C04F79EFBC}") = "ControllingJson", "ControllingJson\ControllingJson.csproj", "{F5FC19ED-D00B-4AA8-8431-0D321516BAAE}"
EndProject
Project("{FAE04EC0-301F-11D3-BF4B-00C04F79EFBC}") = "WorkingWithEnvVars", "WorkingWithEnvVars\WorkingWithEnvVars.csproj", "{F58674D8-4481-4CFB-A7B5-57921A0FA883}"
EndProject
Global
	GlobalSection(SolutionConfigurationPlatforms) = preSolution
		Debug|Any CPU = Debug|Any CPU
		Release|Any CPU = Release|Any CPU
	EndGlobalSection
	GlobalSection(ProjectConfigurationPlatforms) = postSolution
		{82EF2828-96E5-4886-9ADD-83D0AE192BBA}.Debug|Any CPU.ActiveCfg = Debug|Any CPU
		{82EF2828-96E5-4886-9ADD-83D0AE192BBA}.Debug|Any CPU.Build.0 = Debug|Any CPU
		{82EF2828-96E5-4886-9ADD-83D0AE192BBA}.Release|Any CPU.ActiveCfg = Release|Any CPU
		{82EF2828-96E5-4886-9ADD-83D0AE192BBA}.Release|Any CPU.Build.0 = Release|Any CPU
		{525E86B8-1AF3-4BC2-A910-BA3F56927CD3}.Debug|Any CPU.ActiveCfg = Debug|Any CPU
		{525E86B8-1AF3-4BC2-A910-BA3F56927CD3}.Debug|Any CPU.Build.0 = Debug|Any CPU
		{525E86B8-1AF3-4BC2-A910-BA3F56927CD3}.Release|Any CPU.ActiveCfg = Release|Any CPU
		{525E86B8-1AF3-4BC2-A910-BA3F56927CD3}.Release|Any CPU.Build.0 = Release|Any CPU
		{4E736A4E-31F8-4A42-A063-37C6EB823AFA}.Debug|Any CPU.ActiveCfg = Debug|Any CPU
		{4E736A4E-31F8-4A42-A063-37C6EB823AFA}.Debug|Any CPU.Build.0 = Debug|Any CPU
		{4E736A4E-31F8-4A42-A063-37C6EB823AFA}.Release|Any CPU.ActiveCfg = Release|Any CPU
		{4E736A4E-31F8-4A42-A063-37C6EB823AFA}.Release|Any CPU.Build.0 = Release|Any CPU
		{449BE39B-EFCE-4053-8AF3-B7D3D5F334D9}.Debug|Any CPU.ActiveCfg = Debug|Any CPU
		{449BE39B-EFCE-4053-8AF3-B7D3D5F334D9}.Debug|Any CPU.Build.0 = Debug|Any CPU
		{449BE39B-EFCE-4053-8AF3-B7D3D5F334D9}.Release|Any CPU.ActiveCfg = Release|Any CPU
		{449BE39B-EFCE-4053-8AF3-B7D3D5F334D9}.Release|Any CPU.Build.0 = Release|Any CPU
		{F91704B6-F055-4DBB-B528-C564FC698B4B}.Debug|Any CPU.ActiveCfg = Debug|Any CPU
		{F91704B6-F055-4DBB-B528-C564FC698B4B}.Debug|Any CPU.Build.0 = Debug|Any CPU
		{F91704B6-F055-4DBB-B528-C564FC698B4B}.Release|Any CPU.ActiveCfg = Release|Any CPU
		{F91704B6-F055-4DBB-B528-C564FC698B4B}.Release|Any CPU.Build.0 = Release|Any CPU
		{F5FC19ED-D00B-4AA8-8431-0D321516BAAE}.Debug|Any CPU.ActiveCfg = Debug|Any CPU
		{F5FC19ED-D00B-4AA8-8431-0D321516BAAE}.Debug|Any CPU.Build.0 = Debug|Any CPU
		{F5FC19ED-D00B-4AA8-8431-0D321516BAAE}.Release|Any CPU.ActiveCfg = Release|Any CPU
		{F5FC19ED-D00B-4AA8-8431-0D321516BAAE}.Release|Any CPU.Build.0 = Release|Any CPU
		{F58674D8-4481-4CFB-A7B5-57921A0FA883}.Debug|Any CPU.ActiveCfg = Debug|Any CPU
		{F58674D8-4481-4CFB-A7B5-57921A0FA883}.Debug|Any CPU.Build.0 = Debug|Any CPU
		{F58674D8-4481-4CFB-A7B5-57921A0FA883}.Release|Any CPU.ActiveCfg = Release|Any CPU
		{F58674D8-4481-4CFB-A7B5-57921A0FA883}.Release|Any CPU.Build.0 = Release|Any CPU
	EndGlobalSection
	GlobalSection(SolutionProperties) = preSolution
		HideSolutionNode = FALSE
	EndGlobalSection
	GlobalSection(ExtensibilityGlobals) = postSolution
		SolutionGuid = {B883E711-E9A6-4052-B949-5BBD3BA87222}
	EndGlobalSection
EndGlobal
