
Microsoft Visual Studio Solution File, Format Version 12.00
# Visual Studio Version 17
VisualStudioVersion = 17.9.34622.214
MinimumVisualStudioVersion = 10.0.40219.1
Project("{9A19103F-16F7-4668-BE54-9A1E7A4F7556}") = "PacktLibraryNetStandard2", "PacktLibraryNetStandard2\PacktLibraryNetStandard2.csproj", "{31D03D77-EB41-41F1-9B54-E14694C3D7A7}"
EndProject
Project("{9A19103F-16F7-4668-BE54-9A1E7A4F7556}") = "PeopleApp", "PeopleApp\PeopleApp.csproj", "{8CAEBFFB-843C-41C8-AAC3-EC75EB18850A}"
EndProject
Project("{FAE04EC0-301F-11D3-BF4B-00C04F79EFBC}") = "PacktLibraryModern", "PacktLibraryModern\PacktLibraryModern.csproj", "{44690A19-8BBF-462C-9518-39957382AA5B}"
EndProject
Global
	GlobalSection(SolutionConfigurationPlatforms) = preSolution
		Debug|Any CPU = Debug|Any CPU
		Release|Any CPU = Release|Any CPU
	EndGlobalSection
	GlobalSection(ProjectConfigurationPlatforms) = postSolution
		{31D03D77-EB41-41F1-9B54-E14694C3D7A7}.Debug|Any CPU.ActiveCfg = Debug|Any CPU
		{31D03D77-EB41-41F1-9B54-E14694C3D7A7}.Debug|Any CPU.Build.0 = Debug|Any CPU
		{31D03D77-EB41-41F1-9B54-E14694C3D7A7}.Release|Any CPU.ActiveCfg = Release|Any CPU
		{31D03D77-EB41-41F1-9B54-E14694C3D7A7}.Release|Any CPU.Build.0 = Release|Any CPU
		{8CAEBFFB-843C-41C8-AAC3-EC75EB18850A}.Debug|Any CPU.ActiveCfg = Debug|Any CPU
		{8CAEBFFB-843C-41C8-AAC3-EC75EB18850A}.Debug|Any CPU.Build.0 = Debug|Any CPU
		{8CAEBFFB-843C-41C8-AAC3-EC75EB18850A}.Release|Any CPU.ActiveCfg = Release|Any CPU
		{8CAEBFFB-843C-41C8-AAC3-EC75EB18850A}.Release|Any CPU.Build.0 = Release|Any CPU
		{44690A19-8BBF-462C-9518-39957382AA5B}.Debug|Any CPU.ActiveCfg = Debug|Any CPU
		{44690A19-8BBF-462C-9518-39957382AA5B}.Debug|Any CPU.Build.0 = Debug|Any CPU
		{44690A19-8BBF-462C-9518-39957382AA5B}.Release|Any CPU.ActiveCfg = Release|Any CPU
		{44690A19-8BBF-462C-9518-39957382AA5B}.Release|Any CPU.Build.0 = Release|Any CPU
	EndGlobalSection
	GlobalSection(SolutionProperties) = preSolution
		HideSolutionNode = FALSE
	EndGlobalSection
	GlobalSection(ExtensibilityGlobals) = postSolution
		SolutionGuid = {31D357E6-1C6D-443A-800A-6B48D9EAEA8C}
	EndGlobalSection
EndGlobal
