
Microsoft Visual Studio Solution File, Format Version 12.00
# Visual Studio Version 17
VisualStudioVersion = 17.9.34622.214
MinimumVisualStudioVersion = 10.0.40219.1
Project("{9A19103F-16F7-4668-BE54-9A1E7A4F7556}") = "Vocabulary", "Vocabulary\Vocabulary.csproj", "{E343DE96-D4F3-4DFF-9E1F-2D5401E38D5A}"
EndProject
Project("{9A19103F-16F7-4668-BE54-9A1E7A4F7556}") = "Numbers", "Numbers\Numbers.csproj", "{70EEC6F1-2A76-459C-BC86-D0BE2D3A70A5}"
EndProject
Project("{FAE04EC0-301F-11D3-BF4B-00C04F79EFBC}") = "Arguments", "Arguments\Arguments.csproj", "{07D26775-F283-4C04-B67C-E78415818C63}"
EndProject
Project("{FAE04EC0-301F-11D3-BF4B-00C04F79EFBC}") = "Formatting", "Formatting\Formatting.csproj", "{6CE6097D-58CC-49A4-B4C5-89439EA6DB4E}"
EndProject
Project("{FAE04EC0-301F-11D3-BF4B-00C04F79EFBC}") = "AsyncConsole", "AsyncConsole\AsyncConsole.csproj", "{A12D4354-24AC-4395-B8A1-4EEB9E33668E}"
EndProject
Global
	GlobalSection(SolutionConfigurationPlatforms) = preSolution
		Debug|Any CPU = Debug|Any CPU
		Release|Any CPU = Release|Any CPU
	EndGlobalSection
	GlobalSection(ProjectConfigurationPlatforms) = postSolution
		{E343DE96-D4F3-4DFF-9E1F-2D5401E38D5A}.Debug|Any CPU.ActiveCfg = Debug|Any CPU
		{E343DE96-D4F3-4DFF-9E1F-2D5401E38D5A}.Debug|Any CPU.Build.0 = Debug|Any CPU
		{E343DE96-D4F3-4DFF-9E1F-2D5401E38D5A}.Release|Any CPU.ActiveCfg = Release|Any CPU
		{E343DE96-D4F3-4DFF-9E1F-2D5401E38D5A}.Release|Any CPU.Build.0 = Release|Any CPU
		{70EEC6F1-2A76-459C-BC86-D0BE2D3A70A5}.Debug|Any CPU.ActiveCfg = Debug|Any CPU
		{70EEC6F1-2A76-459C-BC86-D0BE2D3A70A5}.Debug|Any CPU.Build.0 = Debug|Any CPU
		{70EEC6F1-2A76-459C-BC86-D0BE2D3A70A5}.Release|Any CPU.ActiveCfg = Release|Any CPU
		{70EEC6F1-2A76-459C-BC86-D0BE2D3A70A5}.Release|Any CPU.Build.0 = Release|Any CPU
		{07D26775-F283-4C04-B67C-E78415818C63}.Debug|Any CPU.ActiveCfg = Debug|Any CPU
		{07D26775-F283-4C04-B67C-E78415818C63}.Debug|Any CPU.Build.0 = Debug|Any CPU
		{07D26775-F283-4C04-B67C-E78415818C63}.Release|Any CPU.ActiveCfg = Release|Any CPU
		{07D26775-F283-4C04-B67C-E78415818C63}.Release|Any CPU.Build.0 = Release|Any CPU
		{6CE6097D-58CC-49A4-B4C5-89439EA6DB4E}.Debug|Any CPU.ActiveCfg = Debug|Any CPU
		{6CE6097D-58CC-49A4-B4C5-89439EA6DB4E}.Debug|Any CPU.Build.0 = Debug|Any CPU
		{6CE6097D-58CC-49A4-B4C5-89439EA6DB4E}.Release|Any CPU.ActiveCfg = Release|Any CPU
		{6CE6097D-58CC-49A4-B4C5-89439EA6DB4E}.Release|Any CPU.Build.0 = Release|Any CPU
		{A12D4354-24AC-4395-B8A1-4EEB9E33668E}.Debug|Any CPU.ActiveCfg = Debug|Any CPU
		{A12D4354-24AC-4395-B8A1-4EEB9E33668E}.Debug|Any CPU.Build.0 = Debug|Any CPU
		{A12D4354-24AC-4395-B8A1-4EEB9E33668E}.Release|Any CPU.ActiveCfg = Release|Any CPU
		{A12D4354-24AC-4395-B8A1-4EEB9E33668E}.Release|Any CPU.Build.0 = Release|Any CPU
	EndGlobalSection
	GlobalSection(SolutionProperties) = preSolution
		HideSolutionNode = FALSE
	EndGlobalSection
	GlobalSection(ExtensibilityGlobals) = postSolution
		SolutionGuid = {84444D70-BFFD-4F4F-A1E0-B7E5316215E1}
	EndGlobalSection
EndGlobal
